
Microsoft Visual Studio Solution File, Format Version 12.00
# Visual Studio Version 16
VisualStudioVersion = 16.0.32428.217
MinimumVisualStudioVersion = 10.0.40219.1
Project("{8BC9CEB8-8B4A-11D0-8D11-00A0C91BC942}") = "CryptoPad", "CryptoPad\CryptoPad.vcxproj", "{A2B73B16-7E52-401C-9502-FD3027310BD4}"
EndProject
Global
	GlobalSection(SolutionConfigurationPlatforms) = preSolution
		Debug|x64 = Debug|x64
		Debug|x86 = Debug|x86
		Release|x64 = Release|x64
		Release|x86 = Release|x86
	EndGlobalSection
	GlobalSection(ProjectConfigurationPlatforms) = postSolution
		{A2B73B16-7E52-401C-9502-FD3027310BD4}.Debug|x64.ActiveCfg = Debug|x64
		{A2B73B16-7E52-401C-9502-FD3027310BD4}.Debug|x64.Build.0 = Debug|x64
		{A2B73B16-7E52-401C-9502-FD3027310BD4}.Debug|x86.ActiveCfg = Debug|Win32
		{A2B73B16-7E52-401C-9502-FD3027310BD4}.Debug|x86.Build.0 = Debug|Win32
		{A2B73B16-7E52-401C-9502-FD3027310BD4}.Release|x64.ActiveCfg = Release|x64
		{A2B73B16-7E52-401C-9502-FD3027310BD4}.Release|x64.Build.0 = Release|x64
		{A2B73B16-7E52-401C-9502-FD3027310BD4}.Release|x86.ActiveCfg = Release|Win32
		{A2B73B16-7E52-401C-9502-FD3027310BD4}.Release|x86.Build.0 = Release|Win32
	EndGlobalSection
	GlobalSection(SolutionProperties) = preSolution
		HideSolutionNode = FALSE
	EndGlobalSection
	GlobalSection(ExtensibilityGlobals) = postSolution
		SolutionGuid = {4F985CE2-21F9-4C15-9A3A-7F917BBB0277}
	EndGlobalSection
EndGlobal
